
Microsoft Visual Studio Solution File, Format Version 12.00
# Visual Studio Version 17
VisualStudioVersion = 17.6.33829.357
MinimumVisualStudioVersion = 10.0.40219.1
Project("{FAE04EC0-301F-11D3-BF4B-00C04F79EFBC}") = "Hesap Makinesi", "Hesap Makinesi\Hesap Makinesi.csproj", "{215EB773-65A8-4CDB-9244-4F6DB22DB118}"
EndProject
Global
	GlobalSection(SolutionConfigurationPlatforms) = preSolution
		Debug|Any CPU = Debug|Any CPU
		Release|Any CPU = Release|Any CPU
	EndGlobalSection
	GlobalSection(ProjectConfigurationPlatforms) = postSolution
		{215EB773-65A8-4CDB-9244-4F6DB22DB118}.Debug|Any CPU.ActiveCfg = Debug|Any CPU
		{215EB773-65A8-4CDB-9244-4F6DB22DB118}.Debug|Any CPU.Build.0 = Debug|Any CPU
		{215EB773-65A8-4CDB-9244-4F6DB22DB118}.Release|Any CPU.ActiveCfg = Release|Any CPU
		{215EB773-65A8-4CDB-9244-4F6DB22DB118}.Release|Any CPU.Build.0 = Release|Any CPU
	EndGlobalSection
	GlobalSection(SolutionProperties) = preSolution
		HideSolutionNode = FALSE
	EndGlobalSection
	GlobalSection(ExtensibilityGlobals) = postSolution
		SolutionGuid = {5D817CF5-B9AD-4DE3-BB4E-1608E61E8BB7}
	EndGlobalSection
EndGlobal
